
Microsoft Visual Studio Solution File, Format Version 12.00
# Visual Studio Version 17
VisualStudioVersion = 17.1.32414.318
MinimumVisualStudioVersion = 10.0.40219.1
Project("{9A19103F-16F7-4668-BE54-9A1E7A4F7556}") = "CompanyEmployees.WebApi", "src\CompanyEmployees.WebApi\CompanyEmployees.WebApi.csproj", "{10C861E7-AF65-41A0-B19A-040C586A79DC}"
EndProject
Project("{9A19103F-16F7-4668-BE54-9A1E7A4F7556}") = "CompanyEmployees.Application", "src\CompanyEmployees.Application\CompanyEmployees.Application.csproj", "{882C3FD8-AFEE-472B-A163-CDAFE907E94D}"
EndProject
Project("{9A19103F-16F7-4668-BE54-9A1E7A4F7556}") = "CompanyEmployees.Domain", "src\CompanyEmployees.Domain\CompanyEmployees.Domain.csproj", "{851EB944-7375-4C03-9758-153B55F90630}"
EndProject
Project("{9A19103F-16F7-4668-BE54-9A1E7A4F7556}") = "CompanyEmployees.Infrastructure", "src\CompanyEmployees.Infrastructure\CompanyEmployees.Infrastructure.csproj", "{4204026A-508B-4E6F-9CE5-FBC09E5EF164}"
EndProject
Project("{E53339B2-1760-4266-BCC7-CA923CBCF16C}") = "docker-compose", "docker-compose.dcproj", "{0C59C509-A4FD-460B-BCAB-30670EE0FAB5}"
EndProject
Global
	GlobalSection(SolutionConfigurationPlatforms) = preSolution
		Debug|Any CPU = Debug|Any CPU
		Release|Any CPU = Release|Any CPU
	EndGlobalSection
	GlobalSection(ProjectConfigurationPlatforms) = postSolution
		{10C861E7-AF65-41A0-B19A-040C586A79DC}.Debug|Any CPU.ActiveCfg = Debug|Any CPU
		{10C861E7-AF65-41A0-B19A-040C586A79DC}.Debug|Any CPU.Build.0 = Debug|Any CPU
		{10C861E7-AF65-41A0-B19A-040C586A79DC}.Release|Any CPU.ActiveCfg = Release|Any CPU
		{10C861E7-AF65-41A0-B19A-040C586A79DC}.Release|Any CPU.Build.0 = Release|Any CPU
		{882C3FD8-AFEE-472B-A163-CDAFE907E94D}.Debug|Any CPU.ActiveCfg = Debug|Any CPU
		{882C3FD8-AFEE-472B-A163-CDAFE907E94D}.Debug|Any CPU.Build.0 = Debug|Any CPU
		{882C3FD8-AFEE-472B-A163-CDAFE907E94D}.Release|Any CPU.ActiveCfg = Release|Any CPU
		{882C3FD8-AFEE-472B-A163-CDAFE907E94D}.Release|Any CPU.Build.0 = Release|Any CPU
		{851EB944-7375-4C03-9758-153B55F90630}.Debug|Any CPU.ActiveCfg = Debug|Any CPU
		{851EB944-7375-4C03-9758-153B55F90630}.Debug|Any CPU.Build.0 = Debug|Any CPU
		{851EB944-7375-4C03-9758-153B55F90630}.Release|Any CPU.ActiveCfg = Release|Any CPU
		{851EB944-7375-4C03-9758-153B55F90630}.Release|Any CPU.Build.0 = Release|Any CPU
		{4204026A-508B-4E6F-9CE5-FBC09E5EF164}.Debug|Any CPU.ActiveCfg = Debug|Any CPU
		{4204026A-508B-4E6F-9CE5-FBC09E5EF164}.Debug|Any CPU.Build.0 = Debug|Any CPU
		{4204026A-508B-4E6F-9CE5-FBC09E5EF164}.Release|Any CPU.ActiveCfg = Release|Any CPU
		{4204026A-508B-4E6F-9CE5-FBC09E5EF164}.Release|Any CPU.Build.0 = Release|Any CPU
		{0C59C509-A4FD-460B-BCAB-30670EE0FAB5}.Debug|Any CPU.ActiveCfg = Debug|Any CPU
		{0C59C509-A4FD-460B-BCAB-30670EE0FAB5}.Debug|Any CPU.Build.0 = Debug|Any CPU
		{0C59C509-A4FD-460B-BCAB-30670EE0FAB5}.Release|Any CPU.ActiveCfg = Release|Any CPU
		{0C59C509-A4FD-460B-BCAB-30670EE0FAB5}.Release|Any CPU.Build.0 = Release|Any CPU
	EndGlobalSection
	GlobalSection(SolutionProperties) = preSolution
		HideSolutionNode = FALSE
	EndGlobalSection
	GlobalSection(ExtensibilityGlobals) = postSolution
		SolutionGuid = {79430684-0F7C-4074-82FD-CDE56EBEDEAE}
	EndGlobalSection
EndGlobal
